
Microsoft Visual Studio Solution File, Format Version 12.00
# Visual Studio Version 16
VisualStudioVersion = 16.0.31911.196
MinimumVisualStudioVersion = 10.0.40219.1
Project("{FAE04EC0-301F-11D3-BF4B-00C04F79EFBC}") = "ChallengeOneCafe.UI", "ChallengeOneCafe.UI\ChallengeOneCafe.UI.csproj", "{CBB694E8-636A-4C6D-B3CA-0179273AB881}"
EndProject
Global
	GlobalSection(SolutionConfigurationPlatforms) = preSolution
		Debug|Any CPU = Debug|Any CPU
		Release|Any CPU = Release|Any CPU
	EndGlobalSection
	GlobalSection(ProjectConfigurationPlatforms) = postSolution
		{CBB694E8-636A-4C6D-B3CA-0179273AB881}.Debug|Any CPU.ActiveCfg = Debug|Any CPU
		{CBB694E8-636A-4C6D-B3CA-0179273AB881}.Debug|Any CPU.Build.0 = Debug|Any CPU
		{CBB694E8-636A-4C6D-B3CA-0179273AB881}.Release|Any CPU.ActiveCfg = Release|Any CPU
		{CBB694E8-636A-4C6D-B3CA-0179273AB881}.Release|Any CPU.Build.0 = Release|Any CPU
	EndGlobalSection
	GlobalSection(SolutionProperties) = preSolution
		HideSolutionNode = FALSE
	EndGlobalSection
	GlobalSection(ExtensibilityGlobals) = postSolution
		SolutionGuid = {10A75377-8A0F-46BD-8175-E40DC697D3B5}
	EndGlobalSection
EndGlobal
